
Microsoft Visual Studio Solution File, Format Version 12.00
# Visual Studio Version 16
VisualStudioVersion = 25.0.1704.3
MinimumVisualStudioVersion = 10.0.40219.1
Project("{F2A71F9B-5D33-465A-A702-920D77279786}") = "UralMathFsharpLib", "UralMathFsharpLib\UralMathFsharpLib.fsproj", "{FD886380-C1F1-4D98-80FD-6A9838E7758A}"
EndProject
Global
	GlobalSection(SolutionConfigurationPlatforms) = preSolution
		Debug|Any CPU = Debug|Any CPU
		Release|Any CPU = Release|Any CPU
	EndGlobalSection
	GlobalSection(ProjectConfigurationPlatforms) = postSolution
		{FD886380-C1F1-4D98-80FD-6A9838E7758A}.Debug|Any CPU.ActiveCfg = Debug|Any CPU
		{FD886380-C1F1-4D98-80FD-6A9838E7758A}.Debug|Any CPU.Build.0 = Debug|Any CPU
		{FD886380-C1F1-4D98-80FD-6A9838E7758A}.Release|Any CPU.ActiveCfg = Release|Any CPU
		{FD886380-C1F1-4D98-80FD-6A9838E7758A}.Release|Any CPU.Build.0 = Release|Any CPU
	EndGlobalSection
	GlobalSection(SolutionProperties) = preSolution
		HideSolutionNode = FALSE
	EndGlobalSection
	GlobalSection(ExtensibilityGlobals) = postSolution
		SolutionGuid = {F7B1904B-A8E5-4EFC-800D-6C8C36E2B662}
	EndGlobalSection
EndGlobal
