
Microsoft Visual Studio Solution File, Format Version 12.00
# Visual Studio Version 16
VisualStudioVersion = 17.0.31611.283
MinimumVisualStudioVersion = 10.0.40219.1
Project("{9A19103F-16F7-4668-BE54-9A1E7A4F7556}") = "Ural_IDE", "Ural_IDE\Ural_IDE.csproj", "{5548E0EC-86D5-4AFE-83BD-83991FBD6E26}"
EndProject
Project("{FAE04EC0-301F-11D3-BF4B-00C04F79EFBC}") = "Datatypes", "..\..\Datatypes\Datatypes.csproj", "{B39E9991-3A1D-43CE-97C0-3A70805F375B}"
EndProject
Project("{FAE04EC0-301F-11D3-BF4B-00C04F79EFBC}") = "Errors", "..\..\Errors\Errors\Errors.csproj", "{8D564DE8-9654-413D-8090-E9A3FF36DED6}"
EndProject
Project("{F2A71F9B-5D33-465A-A702-920D77279786}") = "UralMathFsharpLib", "..\..\UralMathFsharpLib\UralMathFsharpLib\UralMathFsharpLib.fsproj", "{74EB2188-9340-4E88-AC51-CAD6DC9CCE10}"
EndProject
Project("{FAE04EC0-301F-11D3-BF4B-00C04F79EFBC}") = "UralMathLib", "..\..\UralMathLib\UralMathLib\UralMathLib.csproj", "{93E69BAC-5332-4EAD-B1A2-1DF512AD1795}"
EndProject
Global
	GlobalSection(SolutionConfigurationPlatforms) = preSolution
		Debug|Any CPU = Debug|Any CPU
		Release|Any CPU = Release|Any CPU
	EndGlobalSection
	GlobalSection(ProjectConfigurationPlatforms) = postSolution
		{5548E0EC-86D5-4AFE-83BD-83991FBD6E26}.Debug|Any CPU.ActiveCfg = Debug|Any CPU
		{5548E0EC-86D5-4AFE-83BD-83991FBD6E26}.Debug|Any CPU.Build.0 = Debug|Any CPU
		{5548E0EC-86D5-4AFE-83BD-83991FBD6E26}.Debug|Any CPU.Deploy.0 = Debug|Any CPU
		{5548E0EC-86D5-4AFE-83BD-83991FBD6E26}.Release|Any CPU.ActiveCfg = Release|Any CPU
		{5548E0EC-86D5-4AFE-83BD-83991FBD6E26}.Release|Any CPU.Build.0 = Release|Any CPU
		{5548E0EC-86D5-4AFE-83BD-83991FBD6E26}.Release|Any CPU.Deploy.0 = Release|Any CPU
		{B39E9991-3A1D-43CE-97C0-3A70805F375B}.Debug|Any CPU.ActiveCfg = Debug|Any CPU
		{B39E9991-3A1D-43CE-97C0-3A70805F375B}.Debug|Any CPU.Build.0 = Debug|Any CPU
		{B39E9991-3A1D-43CE-97C0-3A70805F375B}.Release|Any CPU.ActiveCfg = Release|Any CPU
		{B39E9991-3A1D-43CE-97C0-3A70805F375B}.Release|Any CPU.Build.0 = Release|Any CPU
		{8D564DE8-9654-413D-8090-E9A3FF36DED6}.Debug|Any CPU.ActiveCfg = Debug|Any CPU
		{8D564DE8-9654-413D-8090-E9A3FF36DED6}.Debug|Any CPU.Build.0 = Debug|Any CPU
		{8D564DE8-9654-413D-8090-E9A3FF36DED6}.Release|Any CPU.ActiveCfg = Release|Any CPU
		{8D564DE8-9654-413D-8090-E9A3FF36DED6}.Release|Any CPU.Build.0 = Release|Any CPU
		{74EB2188-9340-4E88-AC51-CAD6DC9CCE10}.Debug|Any CPU.ActiveCfg = Debug|Any CPU
		{74EB2188-9340-4E88-AC51-CAD6DC9CCE10}.Debug|Any CPU.Build.0 = Debug|Any CPU
		{74EB2188-9340-4E88-AC51-CAD6DC9CCE10}.Release|Any CPU.ActiveCfg = Release|Any CPU
		{74EB2188-9340-4E88-AC51-CAD6DC9CCE10}.Release|Any CPU.Build.0 = Release|Any CPU
		{93E69BAC-5332-4EAD-B1A2-1DF512AD1795}.Debug|Any CPU.ActiveCfg = Debug|Any CPU
		{93E69BAC-5332-4EAD-B1A2-1DF512AD1795}.Debug|Any CPU.Build.0 = Debug|Any CPU
		{93E69BAC-5332-4EAD-B1A2-1DF512AD1795}.Release|Any CPU.ActiveCfg = Release|Any CPU
		{93E69BAC-5332-4EAD-B1A2-1DF512AD1795}.Release|Any CPU.Build.0 = Release|Any CPU
	EndGlobalSection
	GlobalSection(SolutionProperties) = preSolution
		HideSolutionNode = FALSE
	EndGlobalSection
	GlobalSection(ExtensibilityGlobals) = postSolution
		SolutionGuid = {61F7FB11-1E47-470C-91E2-47F8143E1572}
	EndGlobalSection
	GlobalSection(MonoDevelopProperties) = preSolution
		Policies = $0
		$0.DotNetNamingPolicy = $1
		$1.DirectoryNamespaceAssociation = PrefixedHierarchical
		version = V1_0
	EndGlobalSection
EndGlobal
