
Microsoft Visual Studio Solution File, Format Version 12.00
# Visual Studio Version 16
VisualStudioVersion = 16.0.810.23
MinimumVisualStudioVersion = 10.0.40219.1
Project("{FAE04EC0-301F-11D3-BF4B-00C04F79EFBC}") = "Ural", "Ural.csproj", "{DF7C089C-F9B9-45BD-8585-391A51E35CB6}"
EndProject
Global
	GlobalSection(SolutionConfigurationPlatforms) = preSolution
		Debug|anycpu = Debug|anycpu
		Release|anycpu = Release|anycpu
	EndGlobalSection
	GlobalSection(ProjectConfigurationPlatforms) = postSolution
		{DF7C089C-F9B9-45BD-8585-391A51E35CB6}.Debug|anycpu.ActiveCfg = Debug|anycpu
		{DF7C089C-F9B9-45BD-8585-391A51E35CB6}.Debug|anycpu.Build.0 = Debug|anycpu
		{DF7C089C-F9B9-45BD-8585-391A51E35CB6}.Release|anycpu.ActiveCfg = Release|anycpu
		{DF7C089C-F9B9-45BD-8585-391A51E35CB6}.Release|anycpu.Build.0 = Release|anycpu
	EndGlobalSection
	GlobalSection(SolutionProperties) = preSolution
		HideSolutionNode = FALSE
	EndGlobalSection
	GlobalSection(ExtensibilityGlobals) = postSolution
		SolutionGuid = {89754F13-CEB2-467F-955D-7A92879BBD10}
	EndGlobalSection
EndGlobal
