
Microsoft Visual Studio Solution File, Format Version 12.00
Project("{F2A71F9B-5D33-465A-A702-920D77279786}") = "UralFunc", "UralFunc\UralFunc.fsproj", "{EE50B889-4C9D-40A0-B30A-6D21B98303AA}"
EndProject
Global
	GlobalSection(SolutionConfigurationPlatforms) = preSolution
		Debug|Any CPU = Debug|Any CPU
		Release|Any CPU = Release|Any CPU
	EndGlobalSection
	GlobalSection(ProjectConfigurationPlatforms) = postSolution
		{EE50B889-4C9D-40A0-B30A-6D21B98303AA}.Debug|Any CPU.ActiveCfg = Debug|Any CPU
		{EE50B889-4C9D-40A0-B30A-6D21B98303AA}.Debug|Any CPU.Build.0 = Debug|Any CPU
		{EE50B889-4C9D-40A0-B30A-6D21B98303AA}.Release|Any CPU.ActiveCfg = Release|Any CPU
		{EE50B889-4C9D-40A0-B30A-6D21B98303AA}.Release|Any CPU.Build.0 = Release|Any CPU
	EndGlobalSection
EndGlobal
