
Microsoft Visual Studio Solution File, Format Version 12.00
# Visual Studio Version 16
VisualStudioVersion = 25.0.1706.10
MinimumVisualStudioVersion = 10.0.40219.1
Project("{FAE04EC0-301F-11D3-BF4B-00C04F79EFBC}") = "UralMathLib", "UralMathLib.csproj", "{127292F1-C3A6-4FAF-99B3-A30BA2AF2F46}"
EndProject
Global
	GlobalSection(SolutionConfigurationPlatforms) = preSolution
		Debug|Any CPU = Debug|Any CPU
		Release|Any CPU = Release|Any CPU
	EndGlobalSection
	GlobalSection(ProjectConfigurationPlatforms) = postSolution
		{127292F1-C3A6-4FAF-99B3-A30BA2AF2F46}.Debug|Any CPU.ActiveCfg = Debug|Any CPU
		{127292F1-C3A6-4FAF-99B3-A30BA2AF2F46}.Debug|Any CPU.Build.0 = Debug|Any CPU
		{127292F1-C3A6-4FAF-99B3-A30BA2AF2F46}.Release|Any CPU.ActiveCfg = Release|Any CPU
		{127292F1-C3A6-4FAF-99B3-A30BA2AF2F46}.Release|Any CPU.Build.0 = Release|Any CPU
	EndGlobalSection
	GlobalSection(SolutionProperties) = preSolution
		HideSolutionNode = FALSE
	EndGlobalSection
	GlobalSection(ExtensibilityGlobals) = postSolution
		SolutionGuid = {5BA60D9A-09CF-467E-9177-831BE4D74C18}
	EndGlobalSection
EndGlobal
