
Microsoft Visual Studio Solution File, Format Version 12.00
# Visual Studio Version 16
VisualStudioVersion = 25.0.1704.3
MinimumVisualStudioVersion = 10.0.40219.1
Project("{FAE04EC0-301F-11D3-BF4B-00C04F79EFBC}") = "UralMathLib", "UralMathLib\UralMathLib.csproj", "{A1954A6E-DAB1-4C03-AFE8-F7F014EF74D4}"
EndProject
Global
	GlobalSection(SolutionConfigurationPlatforms) = preSolution
		Debug|Any CPU = Debug|Any CPU
		Release|Any CPU = Release|Any CPU
	EndGlobalSection
	GlobalSection(ProjectConfigurationPlatforms) = postSolution
		{A1954A6E-DAB1-4C03-AFE8-F7F014EF74D4}.Debug|Any CPU.ActiveCfg = Debug|Any CPU
		{A1954A6E-DAB1-4C03-AFE8-F7F014EF74D4}.Debug|Any CPU.Build.0 = Debug|Any CPU
		{A1954A6E-DAB1-4C03-AFE8-F7F014EF74D4}.Release|Any CPU.ActiveCfg = Release|Any CPU
		{A1954A6E-DAB1-4C03-AFE8-F7F014EF74D4}.Release|Any CPU.Build.0 = Release|Any CPU
	EndGlobalSection
	GlobalSection(SolutionProperties) = preSolution
		HideSolutionNode = FALSE
	EndGlobalSection
	GlobalSection(ExtensibilityGlobals) = postSolution
		SolutionGuid = {C899D312-9268-45BC-8E9F-696D0C4456EF}
	EndGlobalSection
EndGlobal
