
Microsoft Visual Studio Solution File, Format Version 12.00
# Visual Studio Version 16
VisualStudioVersion = 25.0.1704.3
MinimumVisualStudioVersion = 10.0.40219.1
Project("{FAE04EC0-301F-11D3-BF4B-00C04F79EFBC}") = "Datatypes", "Datatypes.csproj", "{8AB61F87-EC69-4298-898A-1E289F696611}"
EndProject
Global
	GlobalSection(SolutionConfigurationPlatforms) = preSolution
		Debug|Any CPU = Debug|Any CPU
		Release|Any CPU = Release|Any CPU
	EndGlobalSection
	GlobalSection(ProjectConfigurationPlatforms) = postSolution
		{8AB61F87-EC69-4298-898A-1E289F696611}.Debug|Any CPU.ActiveCfg = Debug|Any CPU
		{8AB61F87-EC69-4298-898A-1E289F696611}.Debug|Any CPU.Build.0 = Debug|Any CPU
		{8AB61F87-EC69-4298-898A-1E289F696611}.Release|Any CPU.ActiveCfg = Release|Any CPU
		{8AB61F87-EC69-4298-898A-1E289F696611}.Release|Any CPU.Build.0 = Release|Any CPU
	EndGlobalSection
	GlobalSection(SolutionProperties) = preSolution
		HideSolutionNode = FALSE
	EndGlobalSection
	GlobalSection(ExtensibilityGlobals) = postSolution
		SolutionGuid = {D1FD5450-9A16-4C86-8199-8FED3F269BA5}
	EndGlobalSection
EndGlobal
