
Microsoft Visual Studio Solution File, Format Version 12.00
# Visual Studio Version 16
Project("{FAE04EC0-301F-11D3-BF4B-00C04F79EFBC}") = "Ural_CS_Rider", "Ural_CS_Rider\Ural_CS_Rider.csproj", "{37DE56F7-F055-4DC1-9EED-4BB3917B2FA2}"
EndProject
Project("{2150E333-8FDC-42A3-9474-1A3956D46DE8}") = "Solution Items", "Solution Items", "{08CEA53C-2E23-4A27-B8C6-7104C66C76C0}"
	ProjectSection(SolutionItems) = preProject
		Ural_CS_Rider.sln = Ural_CS_Rider.sln
	EndProjectSection
EndProject
Project("{FAE04EC0-301F-11D3-BF4B-00C04F79EFBC}") = "Datatypes", "..\Datatypes\Datatypes.csproj", "{D03218E8-BDCE-404A-B521-1D88DEBBCAE5}"
EndProject
Project("{FAE04EC0-301F-11D3-BF4B-00C04F79EFBC}") = "Errors", "..\Errors\Errors\Errors.csproj", "{2DACF7C3-C6B3-4B63-A1ED-4B6C90135A5A}"
EndProject
Global
	GlobalSection(SolutionConfigurationPlatforms) = preSolution
		Debug|Any CPU = Debug|Any CPU
		Release|Any CPU = Release|Any CPU
	EndGlobalSection
	GlobalSection(ProjectConfigurationPlatforms) = postSolution
		{37DE56F7-F055-4DC1-9EED-4BB3917B2FA2}.Debug|Any CPU.ActiveCfg = Debug|Any CPU
		{37DE56F7-F055-4DC1-9EED-4BB3917B2FA2}.Debug|Any CPU.Build.0 = Debug|Any CPU
		{37DE56F7-F055-4DC1-9EED-4BB3917B2FA2}.Release|Any CPU.ActiveCfg = Release|Any CPU
		{37DE56F7-F055-4DC1-9EED-4BB3917B2FA2}.Release|Any CPU.Build.0 = Release|Any CPU
		{D03218E8-BDCE-404A-B521-1D88DEBBCAE5}.Debug|Any CPU.ActiveCfg = Debug|Any CPU
		{D03218E8-BDCE-404A-B521-1D88DEBBCAE5}.Debug|Any CPU.Build.0 = Debug|Any CPU
		{D03218E8-BDCE-404A-B521-1D88DEBBCAE5}.Release|Any CPU.ActiveCfg = Release|Any CPU
		{D03218E8-BDCE-404A-B521-1D88DEBBCAE5}.Release|Any CPU.Build.0 = Release|Any CPU
		{2DACF7C3-C6B3-4B63-A1ED-4B6C90135A5A}.Debug|Any CPU.ActiveCfg = Debug|Any CPU
		{2DACF7C3-C6B3-4B63-A1ED-4B6C90135A5A}.Debug|Any CPU.Build.0 = Debug|Any CPU
		{2DACF7C3-C6B3-4B63-A1ED-4B6C90135A5A}.Release|Any CPU.ActiveCfg = Release|Any CPU
		{2DACF7C3-C6B3-4B63-A1ED-4B6C90135A5A}.Release|Any CPU.Build.0 = Release|Any CPU
	EndGlobalSection
EndGlobal
