
Microsoft Visual Studio Solution File, Format Version 12.00
# Visual Studio Version 16
VisualStudioVersion = 25.0.1705.4
MinimumVisualStudioVersion = 10.0.40219.1
Project("{FAE04EC0-301F-11D3-BF4B-00C04F79EFBC}") = "Ural_CS_Android_App_UI", "Ural_CS_Android_App_UI\Ural_CS_Android_App_UI.csproj", "{F67C2A26-D6ED-4CBE-ADD5-2ADD093B8391}"
EndProject
Global
	GlobalSection(SolutionConfigurationPlatforms) = preSolution
		Debug|Any CPU = Debug|Any CPU
		Release|Any CPU = Release|Any CPU
	EndGlobalSection
	GlobalSection(ProjectConfigurationPlatforms) = postSolution
		{F67C2A26-D6ED-4CBE-ADD5-2ADD093B8391}.Debug|Any CPU.ActiveCfg = Debug|Any CPU
		{F67C2A26-D6ED-4CBE-ADD5-2ADD093B8391}.Debug|Any CPU.Build.0 = Debug|Any CPU
		{F67C2A26-D6ED-4CBE-ADD5-2ADD093B8391}.Release|Any CPU.ActiveCfg = Release|Any CPU
		{F67C2A26-D6ED-4CBE-ADD5-2ADD093B8391}.Release|Any CPU.Build.0 = Release|Any CPU
	EndGlobalSection
	GlobalSection(SolutionProperties) = preSolution
		HideSolutionNode = FALSE
	EndGlobalSection
	GlobalSection(ExtensibilityGlobals) = postSolution
		SolutionGuid = {738097DF-E1D7-4B0C-83C3-3842AF807B40}
	EndGlobalSection
EndGlobal
