
Microsoft Visual Studio Solution File, Format Version 12.00
# Visual Studio Version 16
VisualStudioVersion = 25.0.1704.3
MinimumVisualStudioVersion = 10.0.40219.1
Project("{FAE04EC0-301F-11D3-BF4B-00C04F79EFBC}") = "Ural_Datatypes_Lib", "Ural_Datatypes_Lib\Ural_Datatypes_Lib.csproj", "{875A93AF-1AD8-4124-8C89-CAE8F88D41A5}"
EndProject
Global
	GlobalSection(SolutionConfigurationPlatforms) = preSolution
		Debug|Any CPU = Debug|Any CPU
		Release|Any CPU = Release|Any CPU
	EndGlobalSection
	GlobalSection(ProjectConfigurationPlatforms) = postSolution
		{875A93AF-1AD8-4124-8C89-CAE8F88D41A5}.Debug|Any CPU.ActiveCfg = Debug|Any CPU
		{875A93AF-1AD8-4124-8C89-CAE8F88D41A5}.Debug|Any CPU.Build.0 = Debug|Any CPU
		{875A93AF-1AD8-4124-8C89-CAE8F88D41A5}.Release|Any CPU.ActiveCfg = Release|Any CPU
		{875A93AF-1AD8-4124-8C89-CAE8F88D41A5}.Release|Any CPU.Build.0 = Release|Any CPU
	EndGlobalSection
	GlobalSection(SolutionProperties) = preSolution
		HideSolutionNode = FALSE
	EndGlobalSection
	GlobalSection(ExtensibilityGlobals) = postSolution
		SolutionGuid = {C8702878-3C93-4BCD-BA86-F2D4581DC633}
	EndGlobalSection
EndGlobal
